
Microsoft Visual Studio Solution File, Format Version 12.00
# Visual Studio Version 17
VisualStudioVersion = 17.14.36705.20 d17.14
MinimumVisualStudioVersion = 10.0.40219.1
Project("{888888A0-9F3D-457C-B088-3A5042F75D52}") = "PLC Agent", "PLC Agent.pyproj", "{7E67721A-60DB-4B03-8A5E-166A2594448B}"
EndProject
Global
	GlobalSection(SolutionConfigurationPlatforms) = preSolution
		Debug|Any CPU = Debug|Any CPU
		Release|Any CPU = Release|Any CPU
	EndGlobalSection
	GlobalSection(ProjectConfigurationPlatforms) = postSolution
		{7E67721A-60DB-4B03-8A5E-166A2594448B}.Debug|Any CPU.ActiveCfg = Debug|Any CPU
		{7E67721A-60DB-4B03-8A5E-166A2594448B}.Release|Any CPU.ActiveCfg = Release|Any CPU
	EndGlobalSection
	GlobalSection(SolutionProperties) = preSolution
		HideSolutionNode = FALSE
	EndGlobalSection
	GlobalSection(ExtensibilityGlobals) = postSolution
		SolutionGuid = {F8E3D3CB-E308-4FC4-9915-3D276C7DEF99}
	EndGlobalSection
EndGlobal
